
Microsoft Visual Studio Solution File, Format Version 12.00
# Visual Studio Version 17
VisualStudioVersion = 17.11.35327.3
MinimumVisualStudioVersion = 10.0.40219.1
Project("{FAE04EC0-301F-11D3-BF4B-00C04F79EFBC}") = "Guess a number", "Guess a number.csproj", "{9C524D3C-B83C-4278-84AB-1409CE5AC4BB}"
EndProject
Global
	GlobalSection(SolutionConfigurationPlatforms) = preSolution
		Debug|Any CPU = Debug|Any CPU
		Release|Any CPU = Release|Any CPU
	EndGlobalSection
	GlobalSection(ProjectConfigurationPlatforms) = postSolution
		{9C524D3C-B83C-4278-84AB-1409CE5AC4BB}.Debug|Any CPU.ActiveCfg = Debug|Any CPU
		{9C524D3C-B83C-4278-84AB-1409CE5AC4BB}.Debug|Any CPU.Build.0 = Debug|Any CPU
		{9C524D3C-B83C-4278-84AB-1409CE5AC4BB}.Release|Any CPU.ActiveCfg = Release|Any CPU
		{9C524D3C-B83C-4278-84AB-1409CE5AC4BB}.Release|Any CPU.Build.0 = Release|Any CPU
	EndGlobalSection
	GlobalSection(SolutionProperties) = preSolution
		HideSolutionNode = FALSE
	EndGlobalSection
	GlobalSection(ExtensibilityGlobals) = postSolution
		SolutionGuid = {471F3B9B-E211-4730-AC40-BCB61836B1A7}
	EndGlobalSection
EndGlobal
